
Microsoft Visual Studio Solution File, Format Version 12.00
# Visual Studio Version 17
VisualStudioVersion = 17.13.35716.79
MinimumVisualStudioVersion = 10.0.40219.1
Project("{FAE04EC0-301F-11D3-BF4B-00C04F79EFBC}") = "httpscert", "httpscert.csproj", "{48988AF3-7753-4718-90C1-AD2D0AC1CB52}"
EndProject
Global
	GlobalSection(SolutionConfigurationPlatforms) = preSolution
		Debug|Any CPU = Debug|Any CPU
		Release|Any CPU = Release|Any CPU
	EndGlobalSection
	GlobalSection(ProjectConfigurationPlatforms) = postSolution
		{48988AF3-7753-4718-90C1-AD2D0AC1CB52}.Debug|Any CPU.ActiveCfg = Debug|Any CPU
		{48988AF3-7753-4718-90C1-AD2D0AC1CB52}.Debug|Any CPU.Build.0 = Debug|Any CPU
		{48988AF3-7753-4718-90C1-AD2D0AC1CB52}.Release|Any CPU.ActiveCfg = Release|Any CPU
		{48988AF3-7753-4718-90C1-AD2D0AC1CB52}.Release|Any CPU.Build.0 = Release|Any CPU
	EndGlobalSection
	GlobalSection(SolutionProperties) = preSolution
		HideSolutionNode = FALSE
	EndGlobalSection
	GlobalSection(ExtensibilityGlobals) = postSolution
		SolutionGuid = {CBD755E1-28F6-496E-B8E3-9DD1FD56A37E}
	EndGlobalSection
EndGlobal
